
Microsoft Visual Studio Solution File, Format Version 12.00
# Visual Studio Version 17
VisualStudioVersion = 17.6.33815.320
MinimumVisualStudioVersion = 10.0.40219.1
Project("{FAE04EC0-301F-11D3-BF4B-00C04F79EFBC}") = "Conversor-de-Medidas", "Conversor-de-Medidas.csproj", "{5B32B4CF-9AD2-4CBC-86AA-011707C7E5A3}"
EndProject
Global
	GlobalSection(SolutionConfigurationPlatforms) = preSolution
		Debug|Any CPU = Debug|Any CPU
		Release|Any CPU = Release|Any CPU
	EndGlobalSection
	GlobalSection(ProjectConfigurationPlatforms) = postSolution
		{5B32B4CF-9AD2-4CBC-86AA-011707C7E5A3}.Debug|Any CPU.ActiveCfg = Debug|Any CPU
		{5B32B4CF-9AD2-4CBC-86AA-011707C7E5A3}.Debug|Any CPU.Build.0 = Debug|Any CPU
		{5B32B4CF-9AD2-4CBC-86AA-011707C7E5A3}.Release|Any CPU.ActiveCfg = Release|Any CPU
		{5B32B4CF-9AD2-4CBC-86AA-011707C7E5A3}.Release|Any CPU.Build.0 = Release|Any CPU
	EndGlobalSection
	GlobalSection(SolutionProperties) = preSolution
		HideSolutionNode = FALSE
	EndGlobalSection
	GlobalSection(ExtensibilityGlobals) = postSolution
		SolutionGuid = {417DB3E7-EC80-4EB3-A3D4-92D3D5CE168C}
	EndGlobalSection
EndGlobal
